{
    "_readme": [
        "This file locks the dependencies of your project to a known state",
        "Read more about it at https://getcomposer.org/doc/01-basic-usage.md#composer-lock-the-lock-file",
        "This file is @generated automatically"
    ],
    "hash": "4e328bbfd2d1cdd1177c00e2283967e4",
    "content-hash": "19d7cbeace835ba106e7d24d20d9ee3d",
    "packages": [
        {
            "name": "dg/dibi",
            "version": "v3.0.6",
            "source": {
                "type": "git",
                "url": "https://github.com/dg/dibi.git",
                "reference": "9b070bb7378b867c8963fd5ce780b3b71ec1f85b"
            },
            "dist": {
                "type": "zip",
                "url": "https://api.github.com/repos/dg/dibi/zipball/9b070bb7378b867c8963fd5ce780b3b71ec1f85b",
                "reference": "9b070bb7378b867c8963fd5ce780b3b71ec1f85b",
                "shasum": ""
            },
            "require": {
                "php": ">=5.4.4"
            },
            "replace": {
                "dg/dibi": "*"
            },
            "require-dev": {
                "nette/tester": "~1.7",
                "tracy/tracy": "~2.2"
            },
            "type": "library",
            "extra": {
                "branch-alias": {
                    "dev-master": "3.0-dev"
                }
            },
            "autoload": {
                "classmap": [
                    "src/"
                ],
                "files": [
                    "src/loader.php"
                ]
            },
            "notification-url": "https://packagist.org/downloads/",
            "license": [
                "BSD-3-Clause",
                "GPL-2.0",
                "GPL-3.0"
            ],
            "authors": [
                {
                    "name": "David Grudl",
                    "homepage": "https://davidgrudl.com"
                }
            ],
            "description": "Dibi is Database Abstraction Library for PHP",
            "homepage": "https://dibiphp.com",
            "keywords": [
                "access",
                "database",
                "dbal",
                "mssql",
                "mysql",
                "odbc",
                "oracle",
                "pdo",
                "postgresql",
                "sqlite",
                "sqlsrv"
            ],
            "abandoned": "dibi/dibi",
            "time": "2016-07-31 14:50:07"
        },
        {
            "name": "phroute/phroute",
            "version": "v2.1.0",
            "source": {
                "type": "git",
                "url": "https://github.com/mrjgreen/phroute.git",
                "reference": "dbe2b986f9ee1dd33dc956fcc35d1fa22e8e196c"
            },
            "dist": {
                "type": "zip",
                "url": "https://api.github.com/repos/mrjgreen/phroute/zipball/dbe2b986f9ee1dd33dc956fcc35d1fa22e8e196c",
                "reference": "dbe2b986f9ee1dd33dc956fcc35d1fa22e8e196c",
                "shasum": ""
            },
            "require": {
                "php": ">=5.4.0"
            },
            "require-dev": {
                "phpunit/phpunit": "*",
                "satooshi/php-coveralls": "dev-master"
            },
            "type": "library",
            "autoload": {
                "psr-4": {
                    "Phroute\\Phroute\\": "src/Phroute"
                }
            },
            "notification-url": "https://packagist.org/downloads/",
            "license": [
                "BSD-3-Clause"
            ],
            "authors": [
                {
                    "name": "Joe Green",
                    "email": "joe.green.0991@gmail.com"
                }
            ],
            "description": "Fast, fully featured restful request router for PHP",
            "keywords": [
                "router",
                "routing"
            ],
            "time": "2015-07-22 20:46:43"
        }
    ],
    "packages-dev": [],
    "aliases": [],
    "minimum-stability": "stable",
    "stability-flags": [],
    "prefer-stable": false,
    "prefer-lowest": false,
    "platform": [],
    "platform-dev": []
}
